
Microsoft Visual Studio Solution File, Format Version 12.00
# Visual Studio 15
Project("{FAE04EC0-301F-11D3-BF4B-00C04F79EFBC}") = "Assembly-CSharp", "Assembly-CSharp.csproj", "{EAF6F52B-3F98-F0D6-7BEF-4546B7B78DBE}"
EndProject
Global
	GlobalSection(SolutionConfigurationPlatforms) = preSolution
		Debug|Any CPU = Debug|Any CPU
		Release|Any CPU = Release|Any CPU
	EndGlobalSection
	GlobalSection(ProjectConfigurationPlatforms) = postSolution
		{EAF6F52B-3F98-F0D6-7BEF-4546B7B78DBE}.Debug|Any CPU.ActiveCfg = Debug|Any CPU
		{EAF6F52B-3F98-F0D6-7BEF-4546B7B78DBE}.Debug|Any CPU.Build.0 = Debug|Any CPU
		{EAF6F52B-3F98-F0D6-7BEF-4546B7B78DBE}.Release|Any CPU.ActiveCfg = Release|Any CPU
		{EAF6F52B-3F98-F0D6-7BEF-4546B7B78DBE}.Release|Any CPU.Build.0 = Release|Any CPU
	EndGlobalSection
	GlobalSection(SolutionProperties) = preSolution
		HideSolutionNode = FALSE
	EndGlobalSection
EndGlobal
